# This file is autogenerated, do not edit; changes may be undone by the next 'dep ensure'.


[[projects]]
  name = "github.com/BurntSushi/toml"
  packages = ["."]
  revision = "b26d9c308763d68093482582cea63d69be07a0f0"
  version = "v0.3.0"

[[projects]]
  branch = "master"
  name = "github.com/bacongobbler/kubed-generator-sdk-go"
  packages = [
    "manifest",
    "pack"
  ]
  revision = "ae968a3bd2f1e07958ae1fd343cc904f8f94e669"

[[projects]]
  name = "github.com/inconshreveable/mousetrap"
  packages = ["."]
  revision = "76626ae9c91c4f2a10f34cad8ce83ea42c93bb75"
  version = "v1.0"

[[projects]]
  name = "github.com/sirupsen/logrus"
  packages = ["."]
  revision = "c155da19408a8799da419ed3eeb0cb5db0ad5dbc"
  version = "v1.0.5"

[[projects]]
  name = "github.com/spf13/cobra"
  packages = ["."]
  revision = "ef82de70bb3f60c65fb8eebacbb2d122ef517385"
  version = "v0.0.3"

[[projects]]
  name = "github.com/spf13/pflag"
  packages = ["."]
  revision = "583c0c0531f06d5278b7d917446061adc344b5cd"
  version = "v1.0.1"

[[projects]]
  name = "github.com/technosophos/moniker"
  packages = ["."]
  revision = "a5dbd03a2245d554160e3ae6bfdcf969fe58b431"
  version = "0.2.0"

[[projects]]
  branch = "master"
  name = "golang.org/x/crypto"
  packages = ["ssh/terminal"]
  revision = "027cca12c2d63e3d62b670d901e8a2c95854feec"

[[projects]]
  branch = "master"
  name = "golang.org/x/sys"
  packages = [
    "unix",
    "windows"
  ]
  revision = "f24d3d461d02f3f840cb4ff4ae1c6b3dd9f93db9"

[solve-meta]
  analyzer-name = "dep"
  analyzer-version = 1
  inputs-digest = "95da126667144ded6d6bf509e1aadee9a26b9277c4f1012ac40e37546f25468b"
  solver-name = "gps-cdcl"
  solver-version = 1
